lockfileVersion: '9.0'

settings:
  autoInstallPeers: true
  excludeLinksFromLockfile: false

importers:

  .:
    devDependencies:
      '@types/node':
        specifier: ^25.0.2
        version: 25.2.3
      jsr:
        specifier: ^0.14.1
        version: 0.14.2
      typescript:
        specifier: ^5.7.3
        version: 5.9.3

packages:

  '@types/node@25.2.3':
    resolution: {integrity: sha512-m0jEgYlYz+mDJZ2+F4v8D1AyQb+QzsNqRuI7xg1VQX/KlKS0qT9r1Mo16yo5F/MtifXFgaofIFsdFMox2SxIbQ==}

  jsr@0.14.2:
    resolution: {integrity: sha512-yrnhXNyTqX7RWym4SVbGX+P9U63VRRN0llSN4psz4IEoGw20alehT0PX71ecmY5vMxNXtCJ16oWlnfaoVg9wdA==}
    hasBin: true

  node-stream-zip@1.15.0:
    resolution: {integrity: sha512-LN4fydt9TqhZhThkZIVQnF9cwjU3qmUH9h78Mx/K7d3VvfRqqwthLwJEUOEL0QPZ0XQmNN7be5Ggit5+4dq3Bw==}
    engines: {node: '>=0.12.0'}

  semiver@1.1.0:
    resolution: {integrity: sha512-QNI2ChmuioGC1/xjyYwyZYADILWyW6AmS1UH6gDj/SFUUUS4MBAWs/7mxnkRPc/F4iHezDP+O8t0dO8WHiEOdg==}
    engines: {node: '>=6'}

  typescript@5.9.3:
    resolution: {integrity: sha512-jl1vZzPDinLr9eUt3J/t7V6FgNEw9QjvBPdysz9KfQDD41fQrC2Y4vKQdiaUpFT4bXlb1RHhLpp8wtm6M5TgSw==}
    engines: {node: '>=14.17'}
    hasBin: true

  undici-types@7.16.0:
    resolution: {integrity: sha512-Zz+aZWSj8LE6zoxD+xrjh4VfkIG8Ya6LvYkZqtUQGJPZjYl53ypCaUwWqo7eI0x66KBGeRo+mlBEkMSeSZ38Nw==}

snapshots:

  '@types/node@25.2.3':
    dependencies:
      undici-types: 7.16.0

  jsr@0.14.2:
    dependencies:
      node-stream-zip: 1.15.0
      semiver: 1.1.0

  node-stream-zip@1.15.0: {}

  semiver@1.1.0: {}

  typescript@5.9.3: {}

  undici-types@7.16.0: {}
